
Microsoft Visual Studio Solution File, Format Version 12.00
# Visual Studio 15
VisualStudioVersion = 15.0.26403.7
MinimumVisualStudioVersion = 10.0.40219.1
Project("{FAE04EC0-301F-11D3-BF4B-00C04F79EFBC}") = "RageLib", "RageLib\RageLib.csproj", "{718F3F76-51AE-46CB-B11B-027B9BBC8A0B}"
EndProject
Project("{FAE04EC0-301F-11D3-BF4B-00C04F79EFBC}") = "RageLib.GTA5", "RageLib.GTA5\RageLib.GTA5.csproj", "{569CDE34-96F0-44BE-BD31-62B6A43C85B8}"
EndProject
Project("{FAE04EC0-301F-11D3-BF4B-00C04F79EFBC}") = "RageLib.GTA5.UnitTests", "RageLib.GTA5.UnitTests\RageLib.GTA5.UnitTests.csproj", "{34E4D20C-A0BF-4BE8-B35E-B18E73BA2D23}"
EndProject
Global
	GlobalSection(SolutionConfigurationPlatforms) = preSolution
		Debug|Any CPU = Debug|Any CPU
		Debug|x64 = Debug|x64
		Debug|x86 = Debug|x86
		Release|Any CPU = Release|Any CPU
		Release|x64 = Release|x64
		Release|x86 = Release|x86
	EndGlobalSection
	GlobalSection(ProjectConfigurationPlatforms) = postSolution
		{718F3F76-51AE-46CB-B11B-027B9BBC8A0B}.Debug|Any CPU.ActiveCfg = Debug|Any CPU
		{718F3F76-51AE-46CB-B11B-027B9BBC8A0B}.Debug|Any CPU.Build.0 = Debug|Any CPU
		{718F3F76-51AE-46CB-B11B-027B9BBC8A0B}.Debug|x64.ActiveCfg = Debug|Any CPU
		{718F3F76-51AE-46CB-B11B-027B9BBC8A0B}.Debug|x64.Build.0 = Debug|Any CPU
		{718F3F76-51AE-46CB-B11B-027B9BBC8A0B}.Debug|x86.ActiveCfg = Debug|Any CPU
		{718F3F76-51AE-46CB-B11B-027B9BBC8A0B}.Debug|x86.Build.0 = Debug|Any CPU
		{718F3F76-51AE-46CB-B11B-027B9BBC8A0B}.Release|Any CPU.ActiveCfg = Release|Any CPU
		{718F3F76-51AE-46CB-B11B-027B9BBC8A0B}.Release|Any CPU.Build.0 = Release|Any CPU
		{718F3F76-51AE-46CB-B11B-027B9BBC8A0B}.Release|x64.ActiveCfg = Release|Any CPU
		{718F3F76-51AE-46CB-B11B-027B9BBC8A0B}.Release|x64.Build.0 = Release|Any CPU
		{718F3F76-51AE-46CB-B11B-027B9BBC8A0B}.Release|x86.ActiveCfg = Release|Any CPU
		{718F3F76-51AE-46CB-B11B-027B9BBC8A0B}.Release|x86.Build.0 = Release|Any CPU
		{569CDE34-96F0-44BE-BD31-62B6A43C85B8}.Debug|Any CPU.ActiveCfg = Debug|Any CPU
		{569CDE34-96F0-44BE-BD31-62B6A43C85B8}.Debug|Any CPU.Build.0 = Debug|Any CPU
		{569CDE34-96F0-44BE-BD31-62B6A43C85B8}.Debug|x64.ActiveCfg = Debug|Any CPU
		{569CDE34-96F0-44BE-BD31-62B6A43C85B8}.Debug|x64.Build.0 = Debug|Any CPU
		{569CDE34-96F0-44BE-BD31-62B6A43C85B8}.Debug|x86.ActiveCfg = Debug|Any CPU
		{569CDE34-96F0-44BE-BD31-62B6A43C85B8}.Debug|x86.Build.0 = Debug|Any CPU
		{569CDE34-96F0-44BE-BD31-62B6A43C85B8}.Release|Any CPU.ActiveCfg = Release|Any CPU
		{569CDE34-96F0-44BE-BD31-62B6A43C85B8}.Release|Any CPU.Build.0 = Release|Any CPU
		{569CDE34-96F0-44BE-BD31-62B6A43C85B8}.Release|x64.ActiveCfg = Release|Any CPU
		{569CDE34-96F0-44BE-BD31-62B6A43C85B8}.Release|x64.Build.0 = Release|Any CPU
		{569CDE34-96F0-44BE-BD31-62B6A43C85B8}.Release|x86.ActiveCfg = Release|Any CPU
		{569CDE34-96F0-44BE-BD31-62B6A43C85B8}.Release|x86.Build.0 = Release|Any CPU
		{34E4D20C-A0BF-4BE8-B35E-B18E73BA2D23}.Debug|Any CPU.ActiveCfg = Debug|Any CPU
		{34E4D20C-A0BF-4BE8-B35E-B18E73BA2D23}.Debug|Any CPU.Build.0 = Debug|Any CPU
		{34E4D20C-A0BF-4BE8-B35E-B18E73BA2D23}.Debug|x64.ActiveCfg = Debug|Any CPU
		{34E4D20C-A0BF-4BE8-B35E-B18E73BA2D23}.Debug|x64.Build.0 = Debug|Any CPU
		{34E4D20C-A0BF-4BE8-B35E-B18E73BA2D23}.Debug|x86.ActiveCfg = Debug|Any CPU
		{34E4D20C-A0BF-4BE8-B35E-B18E73BA2D23}.Debug|x86.Build.0 = Debug|Any CPU
		{34E4D20C-A0BF-4BE8-B35E-B18E73BA2D23}.Release|Any CPU.ActiveCfg = Release|Any CPU
		{34E4D20C-A0BF-4BE8-B35E-B18E73BA2D23}.Release|Any CPU.Build.0 = Release|Any CPU
		{34E4D20C-A0BF-4BE8-B35E-B18E73BA2D23}.Release|x64.ActiveCfg = Release|Any CPU
		{34E4D20C-A0BF-4BE8-B35E-B18E73BA2D23}.Release|x64.Build.0 = Release|Any CPU
		{34E4D20C-A0BF-4BE8-B35E-B18E73BA2D23}.Release|x86.ActiveCfg = Release|Any CPU
		{34E4D20C-A0BF-4BE8-B35E-B18E73BA2D23}.Release|x86.Build.0 = Release|Any CPU
	EndGlobalSection
	GlobalSection(SolutionProperties) = preSolution
		HideSolutionNode = FALSE
	EndGlobalSection
	GlobalSection(ExtensibilityGlobals) = postSolution
		SolutionGuid = {44F9C7B9-8CDC-4895-AF9F-E73055691060}
	EndGlobalSection
	GlobalSection(Performance) = preSolution
		HasPerformanceSessions = true
	EndGlobalSection
EndGlobal
